
Microsoft Visual Studio Solution File, Format Version 12.00
# Visual Studio Version 16
VisualStudioVersion = 16.0.31605.320
MinimumVisualStudioVersion = 10.0.40219.1
Project("{FAE04EC0-301F-11D3-BF4B-00C04F79EFBC}") = "Patrones-ChainOfResponsibility", "Patrones-ChainOfResponsibility\Patrones-ChainOfResponsibility.csproj", "{462B03BA-A5A5-42B2-9252-0897ABD3B623}"
EndProject
Global
	GlobalSection(SolutionConfigurationPlatforms) = preSolution
		Debug|Any CPU = Debug|Any CPU
		Release|Any CPU = Release|Any CPU
	EndGlobalSection
	GlobalSection(ProjectConfigurationPlatforms) = postSolution
		{462B03BA-A5A5-42B2-9252-0897ABD3B623}.Debug|Any CPU.ActiveCfg = Debug|Any CPU
		{462B03BA-A5A5-42B2-9252-0897ABD3B623}.Debug|Any CPU.Build.0 = Debug|Any CPU
		{462B03BA-A5A5-42B2-9252-0897ABD3B623}.Release|Any CPU.ActiveCfg = Release|Any CPU
		{462B03BA-A5A5-42B2-9252-0897ABD3B623}.Release|Any CPU.Build.0 = Release|Any CPU
	EndGlobalSection
	GlobalSection(SolutionProperties) = preSolution
		HideSolutionNode = FALSE
	EndGlobalSection
	GlobalSection(ExtensibilityGlobals) = postSolution
		SolutionGuid = {31A67767-7030-4823-9C8D-404FE0B06E01}
	EndGlobalSection
EndGlobal
